
Microsoft Visual Studio Solution File, Format Version 12.00
# Visual Studio Version 17
VisualStudioVersion = 17.13.35931.197 d17.13
MinimumVisualStudioVersion = 10.0.40219.1
Project("{FAE04EC0-301F-11D3-BF4B-00C04F79EFBC}") = "CPTR319_20_8-2025", "CPTR319_20_8-2025\CPTR319_20_8-2025.csproj", "{8BB99DFB-FC99-4737-9C1B-4538B7DFDDE6}"
EndProject
Project("{FAE04EC0-301F-11D3-BF4B-00C04F79EFBC}") = "XUnitTestPrj", "XUnitTestPrj\XUnitTestPrj.csproj", "{C1D95B3C-BE96-4CA4-A9AA-5956FA837669}"
EndProject
Global
	GlobalSection(SolutionConfigurationPlatforms) = preSolution
		Debug|Any CPU = Debug|Any CPU
		Release|Any CPU = Release|Any CPU
	EndGlobalSection
	GlobalSection(ProjectConfigurationPlatforms) = postSolution
		{8BB99DFB-FC99-4737-9C1B-4538B7DFDDE6}.Debug|Any CPU.ActiveCfg = Debug|Any CPU
		{8BB99DFB-FC99-4737-9C1B-4538B7DFDDE6}.Debug|Any CPU.Build.0 = Debug|Any CPU
		{8BB99DFB-FC99-4737-9C1B-4538B7DFDDE6}.Release|Any CPU.ActiveCfg = Release|Any CPU
		{8BB99DFB-FC99-4737-9C1B-4538B7DFDDE6}.Release|Any CPU.Build.0 = Release|Any CPU
		{C1D95B3C-BE96-4CA4-A9AA-5956FA837669}.Debug|Any CPU.ActiveCfg = Debug|Any CPU
		{C1D95B3C-BE96-4CA4-A9AA-5956FA837669}.Debug|Any CPU.Build.0 = Debug|Any CPU
		{C1D95B3C-BE96-4CA4-A9AA-5956FA837669}.Release|Any CPU.ActiveCfg = Release|Any CPU
		{C1D95B3C-BE96-4CA4-A9AA-5956FA837669}.Release|Any CPU.Build.0 = Release|Any CPU
	EndGlobalSection
	GlobalSection(SolutionProperties) = preSolution
		HideSolutionNode = FALSE
	EndGlobalSection
	GlobalSection(ExtensibilityGlobals) = postSolution
		SolutionGuid = {FB22E09E-3F70-4AEA-8AC1-AC75ACEF9F7D}
	EndGlobalSection
EndGlobal
